// !$*UTF8*$!
{
	archiveVersion = 1;
	classes = {
	};
	objectVersion = 51;
	objects = {

/* Begin PBXBuildFile section */
		2240D20D260CAC520037D304 /* InfoPlist.strings in Resources */ = {isa = PBXBuildFile; fileRef = 2240D20F260CAC520037D304 /* InfoPlist.strings */; };
		2240D22D260CAF490037D304 /* AboutViewController.swift in Sources */ = {isa = PBXBuildFile; fileRef = 2240D22B260CAF490037D304 /* AboutViewController.swift */; };
		2240D22E260CAF490037D304 /* AboutViewController.xib in Resources */ = {isa = PBXBuildFile; fileRef = 2240D22C260CAF490037D304 /* AboutViewController.xib */; };
		2240D233260CAFC50037D304 /* WebURLs.swift in Sources */ = {isa = PBXBuildFile; fileRef = 2240D232260CAFC50037D304 /* WebURLs.swift */; };
		2264CAB0260CCBEA00CB54B0 /* Pods-SmartLum-acknowledgements.plist in Resources */ = {isa = PBXBuildFile; fileRef = 2264CAAF260CCBEA00CB54B0 /* Pods-SmartLum-acknowledgements.plist */; };
		22A46D9525E1418E003F4200 /* FirmwareUpdateViewController.swift in Sources */ = {isa = PBXBuildFile; fileRef = 22A46D9325E1418E003F4200 /* FirmwareUpdateViewController.swift */; };
		22A46D9625E1418E003F4200 /* FirmwareUpdateViewController.xib in Resources */ = {isa = PBXBuildFile; fileRef = 22A46D9425E1418E003F4200 /* FirmwareUpdateViewController.xib */; };
		22A46DD225E7A931003F4200 /* DFUDocumentPicker.swift in Sources */ = {isa = PBXBuildFile; fileRef = 22A46DD125E7A931003F4200 /* DFUDocumentPicker.swift */; };
		22A46DD725E7A9EC003F4200 /* QuickError.swift in Sources */ = {isa = PBXBuildFile; fileRef = 22A46DD625E7A9EC003F4200 /* QuickError.swift */; };
		22A46DE225E91104003F4200 /* FirmwareDownloader.swift in Sources */ = {isa = PBXBuildFile; fileRef = 22A46DE125E91103003F4200 /* FirmwareDownloader.swift */; };
		22DCAD4025FF392300BB30D3 /* ColorPickerViewController.swift in Sources */ = {isa = PBXBuildFile; fileRef = 22DCAD3E25FF392200BB30D3 /* ColorPickerViewController.swift */; };
		22EB5D4F25F23012003FC31D /* NetworkPermissionTrigger.swift in Sources */ = {isa = PBXBuildFile; fileRef = 22EB5D4E25F23012003FC31D /* NetworkPermissionTrigger.swift */; };
		22EB5D5425F23E79003FC31D /* TorcherePeripheral.swift in Sources */ = {isa = PBXBuildFile; fileRef = 22EB5D5325F23E79003FC31D /* TorcherePeripheral.swift */; };
		22EB5D8425FB5077003FC31D /* TablePickerViewController.swift in Sources */ = {isa = PBXBuildFile; fileRef = 22EB5D8325FB5077003FC31D /* TablePickerViewController.swift */; };
		2C41722C2718081F00F43EA2 /* DistanceSensorPeripheralProtocol.swift in Sources */ = {isa = PBXBuildFile; fileRef = 2C41722B2718081E00F43EA2 /* DistanceSensorPeripheralProtocol.swift */; };
		2C41722E27180AF600F43EA2 /* SlBasePeripheral.swift in Sources */ = {isa = PBXBuildFile; fileRef = 2C41722D27180AF600F43EA2 /* SlBasePeripheral.swift */; };
		2C4172302718100400F43EA2 /* SlBaseViewModel.swift in Sources */ = {isa = PBXBuildFile; fileRef = 2C41722F2718100400F43EA2 /* SlBaseViewModel.swift */; };
		2C4172322718171F00F43EA2 /* LedPeripheralProtocol.swift in Sources */ = {isa = PBXBuildFile; fileRef = 2C4172312718171F00F43EA2 /* LedPeripheralProtocol.swift */; };
		2C4172342718218100F43EA2 /* SlBaseViewController.swift in Sources */ = {isa = PBXBuildFile; fileRef = 2C4172332718218100F43EA2 /* SlBaseViewController.swift */; };
		2C4172372718274200F43EA2 /* PeripheralProfile.swift in Sources */ = {isa = PBXBuildFile; fileRef = 2C4172362718274200F43EA2 /* PeripheralProfile.swift */; };
		2C720282268F191F0079BEEA /* BasePeripheral.swift in Sources */ = {isa = PBXBuildFile; fileRef = 2C9F9D80266A088F00CCF8E2 /* BasePeripheral.swift */; };
		2C720284268F1A190079BEEA /* UUIDs.swift in Sources */ = {isa = PBXBuildFile; fileRef = 2C720283268F1A190079BEEA /* UUIDs.swift */; };
		2C720287268F259A0079BEEA /* GenericRow.swift in Sources */ = {isa = PBXBuildFile; fileRef = 2C720286268F259A0079BEEA /* GenericRow.swift */; };
		2C72028B269434180079BEEA /* WheelPickerViewController.swift in Sources */ = {isa = PBXBuildFile; fileRef = 2C72028A269434180079BEEA /* WheelPickerViewController.swift */; };
		2C720292269440260079BEEA /* PopupPickerViewController.swift in Sources */ = {isa = PBXBuildFile; fileRef = 2C720290269440260079BEEA /* PopupPickerViewController.swift */; };
		2C7202962695ADA10079BEEA /* TorchereViewController.swift in Sources */ = {isa = PBXBuildFile; fileRef = 2C7202952695ADA10079BEEA /* TorchereViewController.swift */; };
		2C720299269D5D010079BEEA /* SliderTableViewCell.swift in Sources */ = {isa = PBXBuildFile; fileRef = 2C720297269D5D010079BEEA /* SliderTableViewCell.swift */; };
		2C72029A269D5D010079BEEA /* SliderTableViewCell.xib in Resources */ = {isa = PBXBuildFile; fileRef = 2C720298269D5D010079BEEA /* SliderTableViewCell.xib */; };
		2C72029D269D5D1A0079BEEA /* PickerTableViewCell.swift in Sources */ = {isa = PBXBuildFile; fileRef = 2C72029B269D5D1A0079BEEA /* PickerTableViewCell.swift */; };
		2C72029E269D5D1A0079BEEA /* PickerTableViewCell.xib in Resources */ = {isa = PBXBuildFile; fileRef = 2C72029C269D5D1A0079BEEA /* PickerTableViewCell.xib */; };
		2C7202A6269EE79C0079BEEA /* StepperTableViewCell.swift in Sources */ = {isa = PBXBuildFile; fileRef = 2C7202A4269EE79C0079BEEA /* StepperTableViewCell.swift */; };
		2C7202A7269EE79C0079BEEA /* StepperTableViewCell.xib in Resources */ = {isa = PBXBuildFile; fileRef = 2C7202A5269EE79C0079BEEA /* StepperTableViewCell.xib */; };
		2C7202BB26A03CDF0079BEEA /* PeripheralData.swift in Sources */ = {isa = PBXBuildFile; fileRef = 2C7202BA26A03CDE0079BEEA /* PeripheralData.swift */; };
		2C7202BF26A040E30079BEEA /* BaseTableViewCell.swift in Sources */ = {isa = PBXBuildFile; fileRef = 2C7202BE26A040E30079BEEA /* BaseTableViewCell.swift */; };
		2C7202C226A702370079BEEA /* SwitchTableViewCell.swift in Sources */ = {isa = PBXBuildFile; fileRef = 2C7202C026A702370079BEEA /* SwitchTableViewCell.swift */; };
		2C7202C326A702370079BEEA /* SwitchTableViewCell.xib in Resources */ = {isa = PBXBuildFile; fileRef = 2C7202C126A702370079BEEA /* SwitchTableViewCell.xib */; };
		2C7202C726A848E20079BEEA /* PeripheralTableViewModel.swift in Sources */ = {isa = PBXBuildFile; fileRef = 2C7202C626A848E20079BEEA /* PeripheralTableViewModel.swift */; };
		2C7202C926A84D120079BEEA /* PeripheralViewModel.swift in Sources */ = {isa = PBXBuildFile; fileRef = 2C7202C826A84D120079BEEA /* PeripheralViewModel.swift */; };
		2C7202CB26A854220079BEEA /* TorchereViewModel.swift in Sources */ = {isa = PBXBuildFile; fileRef = 2C7202CA26A854220079BEEA /* TorchereViewModel.swift */; };
		2C7202CE26A985BC0079BEEA /* ColorTableViewCell.swift in Sources */ = {isa = PBXBuildFile; fileRef = 2C7202CC26A985BC0079BEEA /* ColorTableViewCell.swift */; };
		2C7202CF26A985BC0079BEEA /* ColorTableViewCell.xib in Resources */ = {isa = PBXBuildFile; fileRef = 2C7202CD26A985BC0079BEEA /* ColorTableViewCell.xib */; };
		2CD2C7C62719859C00B7E2E0 /* PeripheralViewControllerProtocol.swift in Sources */ = {isa = PBXBuildFile; fileRef = 2CD2C7C52719859C00B7E2E0 /* PeripheralViewControllerProtocol.swift */; };
		2CDE95CF268C70CE0025276A /* BluetoothEndpoint.swift in Sources */ = {isa = PBXBuildFile; fileRef = 2CDE95CE268C70CD0025276A /* BluetoothEndpoint.swift */; };
		2CDE95D1268C71760025276A /* ColorPeripheralProtocol.swift in Sources */ = {isa = PBXBuildFile; fileRef = 2CDE95D0268C71760025276A /* ColorPeripheralProtocol.swift */; };
		2CDE95D3268C71D40025276A /* AnimationPeripheralProtocol.swift in Sources */ = {isa = PBXBuildFile; fileRef = 2CDE95D2268C71D40025276A /* AnimationPeripheralProtocol.swift */; };
		2CDE95D7268C77D30025276A /* AdvertisedData.swift in Sources */ = {isa = PBXBuildFile; fileRef = 2CDE95D6268C77D30025276A /* AdvertisedData.swift */; };
		30B664451FCD6E65003C8B55 /* AppDelegate.swift in Sources */ = {isa = PBXBuildFile; fileRef = 30B664441FCD6E65003C8B55 /* AppDelegate.swift */; };
		30B6644A1FCD6E65003C8B55 /* Main.storyboard in Resources */ = {isa = PBXBuildFile; fileRef = 30B664481FCD6E65003C8B55 /* Main.storyboard */; };
		30B6644C1FCD6E65003C8B55 /* Assets.xcassets in Resources */ = {isa = PBXBuildFile; fileRef = 30B6644B1FCD6E65003C8B55 /* Assets.xcassets */; };
		30B6644F1FCD6E65003C8B55 /* LaunchScreen.storyboard in Resources */ = {isa = PBXBuildFile; fileRef = 30B6644D1FCD6E65003C8B55 /* LaunchScreen.storyboard */; };
		30B6645A1FCD6E65003C8B55 /* SmartLumTests.swift in Sources */ = {isa = PBXBuildFile; fileRef = 30B664591FCD6E65003C8B55 /* SmartLumTests.swift */; };
		30B664651FCD6E65003C8B55 /* SmartLumUITests.swift in Sources */ = {isa = PBXBuildFile; fileRef = 30B664641FCD6E65003C8B55 /* SmartLumUITests.swift */; };
		30B664801FCD9638003C8B55 /* RootViewController.swift in Sources */ = {isa = PBXBuildFile; fileRef = 30B6647F1FCD9638003C8B55 /* RootViewController.swift */; };
		30B664831FCDA0EB003C8B55 /* ScannerTableViewController.swift in Sources */ = {isa = PBXBuildFile; fileRef = 30B664821FCDA0EB003C8B55 /* ScannerTableViewController.swift */; };
		30B664851FCDA0FC003C8B55 /* PeripheralTableViewCell.swift in Sources */ = {isa = PBXBuildFile; fileRef = 30B664841FCDA0FC003C8B55 /* PeripheralTableViewCell.swift */; };
		52A637C0220DDECD00F5308D /* Localizable.strings in Resources */ = {isa = PBXBuildFile; fileRef = 52A637C2220DDECD00F5308D /* Localizable.strings */; };
		52A637C5220DE11200F5308D /* String+Localization.swift in Sources */ = {isa = PBXBuildFile; fileRef = 52A637C4220DE11200F5308D /* String+Localization.swift */; };
		52FB0AF022131B7D00B1E575 /* Extensions.swift in Sources */ = {isa = PBXBuildFile; fileRef = 52FB0AEF22131B7D00B1E575 /* Extensions.swift */; };
		9D248822D675F30B604D3075 /* Pods_SmartLumTests.framework in Frameworks */ = {isa = PBXBuildFile; fileRef = FE54BBBC908EC0C8FACA680D /* Pods_SmartLumTests.framework */; };
		D3313BDDB618A9B3B887A771 /* Pods_SmartLum.framework in Frameworks */ = {isa = PBXBuildFile; fileRef = A443132127CFF8E24499F6AA /* Pods_SmartLum.framework */; };
		E1B45F3855DA84DD9A57A062 /* Pods_SmartLum_SmartLumUITests.framework in Frameworks */ = {isa = PBXBuildFile; fileRef = C3C46ED1A2E142833D4B46E3 /* Pods_SmartLum_SmartLumUITests.framework */; };
/* End PBXBuildFile section */

/* Begin PBXContainerItemProxy section */
		30B664561FCD6E65003C8B55 /* PBXContainerItemProxy */ = {
			isa = PBXContainerItemProxy;
			containerPortal = 30B664391FCD6E65003C8B55 /* Project object */;
			proxyType = 1;
			remoteGlobalIDString = 30B664401FCD6E65003C8B55;
			remoteInfo = nRFBlinky;
		};
		30B664611FCD6E65003C8B55 /* PBXContainerItemProxy */ = {
			isa = PBXContainerItemProxy;
			containerPortal = 30B664391FCD6E65003C8B55 /* Project object */;
			proxyType = 1;
			remoteGlobalIDString = 30B664401FCD6E65003C8B55;
			remoteInfo = nRFBlinky;
		};
/* End PBXContainerItemProxy section */

/* Begin PBXFileReference section */
		1F496839E3FC64DE9062887A /* Pods-SmartLumTests.release.xcconfig */ = {isa = PBXFileReference; includeInIndex = 1; lastKnownFileType = text.xcconfig; name = "Pods-SmartLumTests.release.xcconfig"; path = "Target Support Files/Pods-SmartLumTests/Pods-SmartLumTests.release.xcconfig"; sourceTree = "<group>"; };
		2240D20E260CAC520037D304 /* en */ = {isa = PBXFileReference; lastKnownFileType = text.plist.strings; name = en; path = en.lproj/InfoPlist.strings; sourceTree = "<group>"; };
		2240D213260CAC580037D304 /* ru */ = {isa = PBXFileReference; lastKnownFileType = text.plist.strings; name = ru; path = ru.lproj/InfoPlist.strings; sourceTree = "<group>"; };
		2240D22B260CAF490037D304 /* AboutViewController.swift */ = {isa = PBXFileReference; lastKnownFileType = sourcecode.swift; path = AboutViewController.swift; sourceTree = "<group>"; };
		2240D22C260CAF490037D304 /* AboutViewController.xib */ = {isa = PBXFileReference; lastKnownFileType = file.xib; path = AboutViewController.xib; sourceTree = "<group>"; };
		2240D232260CAFC50037D304 /* WebURLs.swift */ = {isa = PBXFileReference; lastKnownFileType = sourcecode.swift; path = WebURLs.swift; sourceTree = "<group>"; };
		2264CAAF260CCBEA00CB54B0 /* Pods-SmartLum-acknowledgements.plist */ = {isa = PBXFileReference; fileEncoding = 4; lastKnownFileType = text.plist.xml; path = "Pods-SmartLum-acknowledgements.plist"; sourceTree = "<group>"; };
		22A46D9325E1418E003F4200 /* FirmwareUpdateViewController.swift */ = {isa = PBXFileReference; lastKnownFileType = sourcecode.swift; path = FirmwareUpdateViewController.swift; sourceTree = "<group>"; };
		22A46D9425E1418E003F4200 /* FirmwareUpdateViewController.xib */ = {isa = PBXFileReference; lastKnownFileType = file.xib; path = FirmwareUpdateViewController.xib; sourceTree = "<group>"; };
		22A46DAE25E773FF003F4200 /* iOSDFULibrary.framework */ = {isa = PBXFileReference; explicitFileType = wrapper.framework; path = iOSDFULibrary.framework; sourceTree = BUILT_PRODUCTS_DIR; };
		22A46DD125E7A931003F4200 /* DFUDocumentPicker.swift */ = {isa = PBXFileReference; lastKnownFileType = sourcecode.swift; path = DFUDocumentPicker.swift; sourceTree = "<group>"; };
		22A46DD625E7A9EC003F4200 /* QuickError.swift */ = {isa = PBXFileReference; lastKnownFileType = sourcecode.swift; path = QuickError.swift; sourceTree = "<group>"; };
		22A46DE125E91103003F4200 /* FirmwareDownloader.swift */ = {isa = PBXFileReference; lastKnownFileType = sourcecode.swift; path = FirmwareDownloader.swift; sourceTree = "<group>"; };
		22DCAD3E25FF392200BB30D3 /* ColorPickerViewController.swift */ = {isa = PBXFileReference; lastKnownFileType = sourcecode.swift; path = ColorPickerViewController.swift; sourceTree = "<group>"; };
		22DCAE40260A12A400BB30D3 /* ru */ = {isa = PBXFileReference; lastKnownFileType = text.plist.strings; name = ru; path = ru.lproj/Main.strings; sourceTree = "<group>"; };
		22EB5D4E25F23012003FC31D /* NetworkPermissionTrigger.swift */ = {isa = PBXFileReference; lastKnownFileType = sourcecode.swift; path = NetworkPermissionTrigger.swift; sourceTree = "<group>"; };
		22EB5D5325F23E79003FC31D /* TorcherePeripheral.swift */ = {isa = PBXFileReference; lastKnownFileType = sourcecode.swift; path = TorcherePeripheral.swift; sourceTree = "<group>"; };
		22EB5D8325FB5077003FC31D /* TablePickerViewController.swift */ = {isa = PBXFileReference; lastKnownFileType = sourcecode.swift; path = TablePickerViewController.swift; sourceTree = "<group>"; };
		2C41722B2718081E00F43EA2 /* DistanceSensorPeripheralProtocol.swift */ = {isa = PBXFileReference; lastKnownFileType = sourcecode.swift; path = DistanceSensorPeripheralProtocol.swift; sourceTree = "<group>"; };
		2C41722D27180AF600F43EA2 /* SlBasePeripheral.swift */ = {isa = PBXFileReference; lastKnownFileType = sourcecode.swift; path = SlBasePeripheral.swift; sourceTree = "<group>"; };
		2C41722F2718100400F43EA2 /* SlBaseViewModel.swift */ = {isa = PBXFileReference; lastKnownFileType = sourcecode.swift; path = SlBaseViewModel.swift; sourceTree = "<group>"; };
		2C4172312718171F00F43EA2 /* LedPeripheralProtocol.swift */ = {isa = PBXFileReference; lastKnownFileType = sourcecode.swift; path = LedPeripheralProtocol.swift; sourceTree = "<group>"; };
		2C4172332718218100F43EA2 /* SlBaseViewController.swift */ = {isa = PBXFileReference; lastKnownFileType = sourcecode.swift; path = SlBaseViewController.swift; sourceTree = "<group>"; };
		2C4172362718274200F43EA2 /* PeripheralProfile.swift */ = {isa = PBXFileReference; lastKnownFileType = sourcecode.swift; path = PeripheralProfile.swift; sourceTree = "<group>"; };
		2C41FC2F265BC68000B81197 /* README.md */ = {isa = PBXFileReference; lastKnownFileType = net.daringfireball.markdown; path = README.md; sourceTree = "<group>"; };
		2C720283268F1A190079BEEA /* UUIDs.swift */ = {isa = PBXFileReference; lastKnownFileType = sourcecode.swift; path = UUIDs.swift; sourceTree = "<group>"; };
		2C720286268F259A0079BEEA /* GenericRow.swift */ = {isa = PBXFileReference; lastKnownFileType = sourcecode.swift; path = GenericRow.swift; sourceTree = "<group>"; };
		2C72028A269434180079BEEA /* WheelPickerViewController.swift */ = {isa = PBXFileReference; lastKnownFileType = sourcecode.swift; path = WheelPickerViewController.swift; sourceTree = "<group>"; };
		2C720290269440260079BEEA /* PopupPickerViewController.swift */ = {isa = PBXFileReference; lastKnownFileType = sourcecode.swift; path = PopupPickerViewController.swift; sourceTree = "<group>"; };
		2C7202952695ADA10079BEEA /* TorchereViewController.swift */ = {isa = PBXFileReference; lastKnownFileType = sourcecode.swift; path = TorchereViewController.swift; sourceTree = "<group>"; };
		2C720297269D5D010079BEEA /* SliderTableViewCell.swift */ = {isa = PBXFileReference; lastKnownFileType = sourcecode.swift; path = SliderTableViewCell.swift; sourceTree = "<group>"; };
		2C720298269D5D010079BEEA /* SliderTableViewCell.xib */ = {isa = PBXFileReference; lastKnownFileType = file.xib; path = SliderTableViewCell.xib; sourceTree = "<group>"; };
		2C72029B269D5D1A0079BEEA /* PickerTableViewCell.swift */ = {isa = PBXFileReference; lastKnownFileType = sourcecode.swift; path = PickerTableViewCell.swift; sourceTree = "<group>"; };
		2C72029C269D5D1A0079BEEA /* PickerTableViewCell.xib */ = {isa = PBXFileReference; lastKnownFileType = file.xib; path = PickerTableViewCell.xib; sourceTree = "<group>"; };
		2C7202A4269EE79C0079BEEA /* StepperTableViewCell.swift */ = {isa = PBXFileReference; lastKnownFileType = sourcecode.swift; path = StepperTableViewCell.swift; sourceTree = "<group>"; };
		2C7202A5269EE79C0079BEEA /* StepperTableViewCell.xib */ = {isa = PBXFileReference; lastKnownFileType = file.xib; path = StepperTableViewCell.xib; sourceTree = "<group>"; };
		2C7202BA26A03CDE0079BEEA /* PeripheralData.swift */ = {isa = PBXFileReference; lastKnownFileType = sourcecode.swift; path = PeripheralData.swift; sourceTree = "<group>"; };
		2C7202BE26A040E30079BEEA /* BaseTableViewCell.swift */ = {isa = PBXFileReference; lastKnownFileType = sourcecode.swift; path = BaseTableViewCell.swift; sourceTree = "<group>"; };
		2C7202C026A702370079BEEA /* SwitchTableViewCell.swift */ = {isa = PBXFileReference; lastKnownFileType = sourcecode.swift; path = SwitchTableViewCell.swift; sourceTree = "<group>"; };
		2C7202C126A702370079BEEA /* SwitchTableViewCell.xib */ = {isa = PBXFileReference; lastKnownFileType = file.xib; path = SwitchTableViewCell.xib; sourceTree = "<group>"; };
		2C7202C626A848E20079BEEA /* PeripheralTableViewModel.swift */ = {isa = PBXFileReference; lastKnownFileType = sourcecode.swift; path = PeripheralTableViewModel.swift; sourceTree = "<group>"; };
		2C7202C826A84D120079BEEA /* PeripheralViewModel.swift */ = {isa = PBXFileReference; lastKnownFileType = sourcecode.swift; path = PeripheralViewModel.swift; sourceTree = "<group>"; };
		2C7202CA26A854220079BEEA /* TorchereViewModel.swift */ = {isa = PBXFileReference; lastKnownFileType = sourcecode.swift; path = TorchereViewModel.swift; sourceTree = "<group>"; };
		2C7202CC26A985BC0079BEEA /* ColorTableViewCell.swift */ = {isa = PBXFileReference; lastKnownFileType = sourcecode.swift; path = ColorTableViewCell.swift; sourceTree = "<group>"; };
		2C7202CD26A985BC0079BEEA /* ColorTableViewCell.xib */ = {isa = PBXFileReference; lastKnownFileType = file.xib; path = ColorTableViewCell.xib; sourceTree = "<group>"; };
		2C9F9D80266A088F00CCF8E2 /* BasePeripheral.swift */ = {isa = PBXFileReference; lastKnownFileType = sourcecode.swift; path = BasePeripheral.swift; sourceTree = "<group>"; };
		2CD2C7C52719859C00B7E2E0 /* PeripheralViewControllerProtocol.swift */ = {isa = PBXFileReference; lastKnownFileType = sourcecode.swift; path = PeripheralViewControllerProtocol.swift; sourceTree = "<group>"; };
		2CDE95CE268C70CD0025276A /* BluetoothEndpoint.swift */ = {isa = PBXFileReference; lastKnownFileType = sourcecode.swift; path = BluetoothEndpoint.swift; sourceTree = "<group>"; };
		2CDE95D0268C71760025276A /* ColorPeripheralProtocol.swift */ = {isa = PBXFileReference; lastKnownFileType = sourcecode.swift; path = ColorPeripheralProtocol.swift; sourceTree = "<group>"; };
		2CDE95D2268C71D40025276A /* AnimationPeripheralProtocol.swift */ = {isa = PBXFileReference; lastKnownFileType = sourcecode.swift; path = AnimationPeripheralProtocol.swift; sourceTree = "<group>"; };
		2CDE95D6268C77D30025276A /* AdvertisedData.swift */ = {isa = PBXFileReference; lastKnownFileType = sourcecode.swift; path = AdvertisedData.swift; sourceTree = "<group>"; };
		30B664411FCD6E65003C8B55 /* SmartLum.app */ = {isa = PBXFileReference; explicitFileType = wrapper.application; includeInIndex = 0; path = SmartLum.app; sourceTree = BUILT_PRODUCTS_DIR; };
		30B664441FCD6E65003C8B55 /* AppDelegate.swift */ = {isa = PBXFileReference; lastKnownFileType = sourcecode.swift; path = AppDelegate.swift; sourceTree = "<group>"; };
		30B664491FCD6E65003C8B55 /* Base */ = {isa = PBXFileReference; lastKnownFileType = file.storyboard; name = Base; path = Base.lproj/Main.storyboard; sourceTree = "<group>"; };
		30B6644B1FCD6E65003C8B55 /* Assets.xcassets */ = {isa = PBXFileReference; lastKnownFileType = folder.assetcatalog; path = Assets.xcassets; sourceTree = "<group>"; };
		30B6644E1FCD6E65003C8B55 /* Base */ = {isa = PBXFileReference; lastKnownFileType = file.storyboard; name = Base; path = Base.lproj/LaunchScreen.storyboard; sourceTree = "<group>"; };
		30B664501FCD6E65003C8B55 /* Info.plist */ = {isa = PBXFileReference; lastKnownFileType = text.plist.xml; path = Info.plist; sourceTree = "<group>"; };
		30B664551FCD6E65003C8B55 /* SmartLumTests.xctest */ = {isa = PBXFileReference; explicitFileType = wrapper.cfbundle; includeInIndex = 0; path = SmartLumTests.xctest; sourceTree = BUILT_PRODUCTS_DIR; };
		30B664591FCD6E65003C8B55 /* SmartLumTests.swift */ = {isa = PBXFileReference; lastKnownFileType = sourcecode.swift; path = SmartLumTests.swift; sourceTree = "<group>"; };
		30B6645B1FCD6E65003C8B55 /* Info.plist */ = {isa = PBXFileReference; lastKnownFileType = text.plist.xml; path = Info.plist; sourceTree = "<group>"; };
		30B664601FCD6E65003C8B55 /* SmartLumUITests.xctest */ = {isa = PBXFileReference; explicitFileType = wrapper.cfbundle; includeInIndex = 0; path = SmartLumUITests.xctest; sourceTree = BUILT_PRODUCTS_DIR; };
		30B664641FCD6E65003C8B55 /* SmartLumUITests.swift */ = {isa = PBXFileReference; lastKnownFileType = sourcecode.swift; path = SmartLumUITests.swift; sourceTree = "<group>"; };
		30B664661FCD6E65003C8B55 /* Info.plist */ = {isa = PBXFileReference; lastKnownFileType = text.plist.xml; path = Info.plist; sourceTree = "<group>"; };
		30B6647F1FCD9638003C8B55 /* RootViewController.swift */ = {isa = PBXFileReference; lastKnownFileType = sourcecode.swift; path = RootViewController.swift; sourceTree = "<group>"; };
		30B664821FCDA0EB003C8B55 /* ScannerTableViewController.swift */ = {isa = PBXFileReference; lastKnownFileType = sourcecode.swift; path = ScannerTableViewController.swift; sourceTree = "<group>"; };
		30B664841FCDA0FC003C8B55 /* PeripheralTableViewCell.swift */ = {isa = PBXFileReference; lastKnownFileType = sourcecode.swift; path = PeripheralTableViewCell.swift; sourceTree = "<group>"; };
		3CAE88F9324080774EBCCC02 /* Pods-SmartLum-SmartLumUITests.release.xcconfig */ = {isa = PBXFileReference; includeInIndex = 1; lastKnownFileType = text.xcconfig; name = "Pods-SmartLum-SmartLumUITests.release.xcconfig"; path = "Target Support Files/Pods-SmartLum-SmartLumUITests/Pods-SmartLum-SmartLumUITests.release.xcconfig"; sourceTree = "<group>"; };
		4ECD7F437B0FE3E34C0C5BE1 /* Pods-SmartLum-SmartLumUITests.debug.xcconfig */ = {isa = PBXFileReference; includeInIndex = 1; lastKnownFileType = text.xcconfig; name = "Pods-SmartLum-SmartLumUITests.debug.xcconfig"; path = "Target Support Files/Pods-SmartLum-SmartLumUITests/Pods-SmartLum-SmartLumUITests.debug.xcconfig"; sourceTree = "<group>"; };
		502F8065F13CED8A6A9CE27D /* Pods-SmartLum.release.xcconfig */ = {isa = PBXFileReference; includeInIndex = 1; lastKnownFileType = text.xcconfig; name = "Pods-SmartLum.release.xcconfig"; path = "Target Support Files/Pods-SmartLum/Pods-SmartLum.release.xcconfig"; sourceTree = "<group>"; };
		52A637BD220DDD2600F5308D /* en */ = {isa = PBXFileReference; lastKnownFileType = text.plist.strings; name = en; path = en.lproj/Main.strings; sourceTree = "<group>"; };
		52A637C3220DDEDF00F5308D /* en */ = {isa = PBXFileReference; lastKnownFileType = text.plist.strings; name = en; path = en.lproj/Localizable.strings; sourceTree = "<group>"; };
		52A637C4220DE11200F5308D /* String+Localization.swift */ = {isa = PBXFileReference; lastKnownFileType = sourcecode.swift; path = "String+Localization.swift"; sourceTree = "<group>"; };
		52FB0AEA2212D67100B1E575 /* ru */ = {isa = PBXFileReference; lastKnownFileType = text.plist.strings; name = ru; path = ru.lproj/Localizable.strings; sourceTree = "<group>"; };
		52FB0AEF22131B7D00B1E575 /* Extensions.swift */ = {isa = PBXFileReference; lastKnownFileType = sourcecode.swift; path = Extensions.swift; sourceTree = "<group>"; };
		9EB2910E6F0D4EE26C06DD48 /* Pods-SmartLumTests.debug.xcconfig */ = {isa = PBXFileReference; includeInIndex = 1; lastKnownFileType = text.xcconfig; name = "Pods-SmartLumTests.debug.xcconfig"; path = "Target Support Files/Pods-SmartLumTests/Pods-SmartLumTests.debug.xcconfig"; sourceTree = "<group>"; };
		A443132127CFF8E24499F6AA /* Pods_SmartLum.framework */ = {isa = PBXFileReference; explicitFileType = wrapper.framework; includeInIndex = 0; path = Pods_SmartLum.framework; sourceTree = BUILT_PRODUCTS_DIR; };
		C3C46ED1A2E142833D4B46E3 /* Pods_SmartLum_SmartLumUITests.framework */ = {isa = PBXFileReference; explicitFileType = wrapper.framework; includeInIndex = 0; path = Pods_SmartLum_SmartLumUITests.framework; sourceTree = BUILT_PRODUCTS_DIR; };
		DF8D5169CE521BF5C3510E8A /* Pods-SmartLum.debug.xcconfig */ = {isa = PBXFileReference; includeInIndex = 1; lastKnownFileType = text.xcconfig; name = "Pods-SmartLum.debug.xcconfig"; path = "Target Support Files/Pods-SmartLum/Pods-SmartLum.debug.xcconfig"; sourceTree = "<group>"; };
		FE54BBBC908EC0C8FACA680D /* Pods_SmartLumTests.framework */ = {isa = PBXFileReference; explicitFileType = wrapper.framework; includeInIndex = 0; path = Pods_SmartLumTests.framework; sourceTree = BUILT_PRODUCTS_DIR; };
/* End PBXFileReference section */

/* Begin PBXFrameworksBuildPhase section */
		30B6643E1FCD6E65003C8B55 /* Frameworks */ = {
			isa = PBXFrameworksBuildPhase;
			buildActionMask = 2147483647;
			files = (
				D3313BDDB618A9B3B887A771 /* Pods_SmartLum.framework in Frameworks */,
			);
			runOnlyForDeploymentPostprocessing = 0;
		};
		30B664521FCD6E65003C8B55 /* Frameworks */ = {
			isa = PBXFrameworksBuildPhase;
			buildActionMask = 2147483647;
			files = (
				9D248822D675F30B604D3075 /* Pods_SmartLumTests.framework in Frameworks */,
			);
			runOnlyForDeploymentPostprocessing = 0;
		};
		30B6645D1FCD6E65003C8B55 /* Frameworks */ = {
			isa = PBXFrameworksBuildPhase;
			buildActionMask = 2147483647;
			files = (
				E1B45F3855DA84DD9A57A062 /* Pods_SmartLum_SmartLumUITests.framework in Frameworks */,
			);
			runOnlyForDeploymentPostprocessing = 0;
		};
/* End PBXFrameworksBuildPhase section */

/* Begin PBXGroup section */
		22A46DCC25E7A857003F4200 /* Utils */ = {
			isa = PBXGroup;
			children = (
				22A46DE025E910C3003F4200 /* NetworkAPI */,
				22A46DCD25E7A86B003F4200 /* DFU */,
				22A46DD625E7A9EC003F4200 /* QuickError.swift */,
				52FB0AEF22131B7D00B1E575 /* Extensions.swift */,
				2C720286268F259A0079BEEA /* GenericRow.swift */,
			);
			path = Utils;
			sourceTree = "<group>";
		};
		22A46DCD25E7A86B003F4200 /* DFU */ = {
			isa = PBXGroup;
			children = (
				22A46D9325E1418E003F4200 /* FirmwareUpdateViewController.swift */,
				22A46D9425E1418E003F4200 /* FirmwareUpdateViewController.xib */,
				22A46DD125E7A931003F4200 /* DFUDocumentPicker.swift */,
			);
			path = DFU;
			sourceTree = "<group>";
		};
		22A46DE025E910C3003F4200 /* NetworkAPI */ = {
			isa = PBXGroup;
			children = (
				22A46DE125E91103003F4200 /* FirmwareDownloader.swift */,
				22EB5D4E25F23012003FC31D /* NetworkPermissionTrigger.swift */,
				2240D232260CAFC50037D304 /* WebURLs.swift */,
			);
			path = NetworkAPI;
			sourceTree = "<group>";
		};
		2C720285268F1C860079BEEA /* Pickers */ = {
			isa = PBXGroup;
			children = (
				2C720290269440260079BEEA /* PopupPickerViewController.swift */,
				22EB5D8325FB5077003FC31D /* TablePickerViewController.swift */,
				2C72028A269434180079BEEA /* WheelPickerViewController.swift */,
				22DCAD3E25FF392200BB30D3 /* ColorPickerViewController.swift */,
			);
			path = Pickers;
			sourceTree = "<group>";
		};
		2C7202942695888B0079BEEA /* ViewControllers */ = {
			isa = PBXGroup;
			children = (
				2C720285268F1C860079BEEA /* Pickers */,
				30B664811FCDA0DE003C8B55 /* ScannerViewController */,
				2CD2C7C7271985BA00B7E2E0 /* Peripheral */,
				30B6647F1FCD9638003C8B55 /* RootViewController.swift */,
				2240D22B260CAF490037D304 /* AboutViewController.swift */,
				2240D22C260CAF490037D304 /* AboutViewController.xib */,
			);
			path = ViewControllers;
			sourceTree = "<group>";
		};
		2C72029F269D5D240079BEEA /* TableViewCells */ = {
			isa = PBXGroup;
			children = (
				2C720297269D5D010079BEEA /* SliderTableViewCell.swift */,
				2C720298269D5D010079BEEA /* SliderTableViewCell.xib */,
				2C72029B269D5D1A0079BEEA /* PickerTableViewCell.swift */,
				2C72029C269D5D1A0079BEEA /* PickerTableViewCell.xib */,
				2C7202A4269EE79C0079BEEA /* StepperTableViewCell.swift */,
				2C7202A5269EE79C0079BEEA /* StepperTableViewCell.xib */,
				2C7202BE26A040E30079BEEA /* BaseTableViewCell.swift */,
				2C7202C026A702370079BEEA /* SwitchTableViewCell.swift */,
				2C7202C126A702370079BEEA /* SwitchTableViewCell.xib */,
				2C7202CC26A985BC0079BEEA /* ColorTableViewCell.swift */,
				2C7202CD26A985BC0079BEEA /* ColorTableViewCell.xib */,
			);
			path = TableViewCells;
			sourceTree = "<group>";
		};
		2CD2C7C7271985BA00B7E2E0 /* Peripheral */ = {
			isa = PBXGroup;
			children = (
				2CD2C7C52719859C00B7E2E0 /* PeripheralViewControllerProtocol.swift */,
				2C4172332718218100F43EA2 /* SlBaseViewController.swift */,
				2C7202952695ADA10079BEEA /* TorchereViewController.swift */,
			);
			path = Peripheral;
			sourceTree = "<group>";
		};
		2CDE95D4268C722E0025276A /* Peripherals */ = {
			isa = PBXGroup;
			children = (
				2CDE95D5268C72780025276A /* Protocols */,
				2C9F9D80266A088F00CCF8E2 /* BasePeripheral.swift */,
				22EB5D5325F23E79003FC31D /* TorcherePeripheral.swift */,
				2C41722D27180AF600F43EA2 /* SlBasePeripheral.swift */,
			);
			path = Peripherals;
			sourceTree = "<group>";
		};
		2CDE95D5268C72780025276A /* Protocols */ = {
			isa = PBXGroup;
			children = (
				2CDE95D0268C71760025276A /* ColorPeripheralProtocol.swift */,
				2CDE95D2268C71D40025276A /* AnimationPeripheralProtocol.swift */,
				2C41722B2718081E00F43EA2 /* DistanceSensorPeripheralProtocol.swift */,
				2C4172312718171F00F43EA2 /* LedPeripheralProtocol.swift */,
			);
			path = Protocols;
			sourceTree = "<group>";
		};
		30B664381FCD6E65003C8B55 = {
			isa = PBXGroup;
			children = (
				2C41FC2F265BC68000B81197 /* README.md */,
				30B664431FCD6E65003C8B55 /* SmartLum */,
				30B664581FCD6E65003C8B55 /* SmartLumTests */,
				30B664631FCD6E65003C8B55 /* SmartLumUITests */,
				30B664421FCD6E65003C8B55 /* Products */,
				ADBF8CD3CBECD0A40EC52E5E /* Pods */,
				C29B87D3D80936E46D5BE0FF /* Frameworks */,
			);
			sourceTree = "<group>";
		};
		30B664421FCD6E65003C8B55 /* Products */ = {
			isa = PBXGroup;
			children = (
				30B664411FCD6E65003C8B55 /* SmartLum.app */,
				30B664551FCD6E65003C8B55 /* SmartLumTests.xctest */,
				30B664601FCD6E65003C8B55 /* SmartLumUITests.xctest */,
			);
			name = Products;
			sourceTree = "<group>";
		};
		30B664431FCD6E65003C8B55 /* SmartLum */ = {
			isa = PBXGroup;
			children = (
				22A46DCC25E7A857003F4200 /* Utils */,
				30B664861FCDA2C5003C8B55 /* Models */,
				30B664791FCD722A003C8B55 /* Views */,
				30B664441FCD6E65003C8B55 /* AppDelegate.swift */,
				30B664481FCD6E65003C8B55 /* Main.storyboard */,
				30B6644D1FCD6E65003C8B55 /* LaunchScreen.storyboard */,
				52A637C4220DE11200F5308D /* String+Localization.swift */,
				52A637C2220DDECD00F5308D /* Localizable.strings */,
				30B664501FCD6E65003C8B55 /* Info.plist */,
				2240D20F260CAC520037D304 /* InfoPlist.strings */,
				2264CAAF260CCBEA00CB54B0 /* Pods-SmartLum-acknowledgements.plist */,
				30B6644B1FCD6E65003C8B55 /* Assets.xcassets */,
			);
			path = SmartLum;
			sourceTree = "<group>";
		};
		30B664581FCD6E65003C8B55 /* SmartLumTests */ = {
			isa = PBXGroup;
			children = (
				30B664591FCD6E65003C8B55 /* SmartLumTests.swift */,
				30B6645B1FCD6E65003C8B55 /* Info.plist */,
			);
			path = SmartLumTests;
			sourceTree = "<group>";
		};
		30B664631FCD6E65003C8B55 /* SmartLumUITests */ = {
			isa = PBXGroup;
			children = (
				30B664641FCD6E65003C8B55 /* SmartLumUITests.swift */,
				30B664661FCD6E65003C8B55 /* Info.plist */,
			);
			path = SmartLumUITests;
			sourceTree = "<group>";
		};
		30B664791FCD722A003C8B55 /* Views */ = {
			isa = PBXGroup;
			children = (
				2C7202942695888B0079BEEA /* ViewControllers */,
				2C72029F269D5D240079BEEA /* TableViewCells */,
			);
			path = Views;
			sourceTree = "<group>";
		};
		30B664811FCDA0DE003C8B55 /* ScannerViewController */ = {
			isa = PBXGroup;
			children = (
				30B664821FCDA0EB003C8B55 /* ScannerTableViewController.swift */,
				30B664841FCDA0FC003C8B55 /* PeripheralTableViewCell.swift */,
			);
			path = ScannerViewController;
			sourceTree = "<group>";
		};
		30B664861FCDA2C5003C8B55 /* Models */ = {
			isa = PBXGroup;
			children = (
				2CDE95D4268C722E0025276A /* Peripherals */,
				2C720283268F1A190079BEEA /* UUIDs.swift */,
				2CDE95D6268C77D30025276A /* AdvertisedData.swift */,
				2CDE95CE268C70CD0025276A /* BluetoothEndpoint.swift */,
				2C7202BA26A03CDE0079BEEA /* PeripheralData.swift */,
				2C7202C626A848E20079BEEA /* PeripheralTableViewModel.swift */,
				2C7202C826A84D120079BEEA /* PeripheralViewModel.swift */,
				2C7202CA26A854220079BEEA /* TorchereViewModel.swift */,
				2C41722F2718100400F43EA2 /* SlBaseViewModel.swift */,
				2C4172362718274200F43EA2 /* PeripheralProfile.swift */,
			);
			path = Models;
			sourceTree = "<group>";
		};
		ADBF8CD3CBECD0A40EC52E5E /* Pods */ = {
			isa = PBXGroup;
			children = (
				DF8D5169CE521BF5C3510E8A /* Pods-SmartLum.debug.xcconfig */,
				502F8065F13CED8A6A9CE27D /* Pods-SmartLum.release.xcconfig */,
				4ECD7F437B0FE3E34C0C5BE1 /* Pods-SmartLum-SmartLumUITests.debug.xcconfig */,
				3CAE88F9324080774EBCCC02 /* Pods-SmartLum-SmartLumUITests.release.xcconfig */,
				9EB2910E6F0D4EE26C06DD48 /* Pods-SmartLumTests.debug.xcconfig */,
				1F496839E3FC64DE9062887A /* Pods-SmartLumTests.release.xcconfig */,
			);
			path = Pods;
			sourceTree = "<group>";
		};
		C29B87D3D80936E46D5BE0FF /* Frameworks */ = {
			isa = PBXGroup;
			children = (
				22A46DAE25E773FF003F4200 /* iOSDFULibrary.framework */,
				C3C46ED1A2E142833D4B46E3 /* Pods_SmartLum_SmartLumUITests.framework */,
				FE54BBBC908EC0C8FACA680D /* Pods_SmartLumTests.framework */,
				A443132127CFF8E24499F6AA /* Pods_SmartLum.framework */,
			);
			name = Frameworks;
			sourceTree = "<group>";
		};
/* End PBXGroup section */

/* Begin PBXNativeTarget section */
		30B664401FCD6E65003C8B55 /* SmartLum */ = {
			isa = PBXNativeTarget;
			buildConfigurationList = 30B664691FCD6E65003C8B55 /* Build configuration list for PBXNativeTarget "SmartLum" */;
			buildPhases = (
				F86F6F79CC484B7561C4D96A /* [CP] Check Pods Manifest.lock */,
				30B6643D1FCD6E65003C8B55 /* Sources */,
				30B6643E1FCD6E65003C8B55 /* Frameworks */,
				30B6643F1FCD6E65003C8B55 /* Resources */,
				AE8B6793BC4895C456345769 /* [CP] Embed Pods Frameworks */,
			);
			buildRules = (
			);
			dependencies = (
			);
			name = SmartLum;
			productName = nRFBlinky;
			productReference = 30B664411FCD6E65003C8B55 /* SmartLum.app */;
			productType = "com.apple.product-type.application";
		};
		30B664541FCD6E65003C8B55 /* SmartLumTests */ = {
			isa = PBXNativeTarget;
			buildConfigurationList = 30B6646C1FCD6E65003C8B55 /* Build configuration list for PBXNativeTarget "SmartLumTests" */;
			buildPhases = (
				E52064F84EFC08D96D2EA0F2 /* [CP] Check Pods Manifest.lock */,
				30B664511FCD6E65003C8B55 /* Sources */,
				30B664521FCD6E65003C8B55 /* Frameworks */,
				30B664531FCD6E65003C8B55 /* Resources */,
			);
			buildRules = (
			);
			dependencies = (
				30B664571FCD6E65003C8B55 /* PBXTargetDependency */,
			);
			name = SmartLumTests;
			productName = nRFBlinkyTests;
			productReference = 30B664551FCD6E65003C8B55 /* SmartLumTests.xctest */;
			productType = "com.apple.product-type.bundle.unit-test";
		};
		30B6645F1FCD6E65003C8B55 /* SmartLumUITests */ = {
			isa = PBXNativeTarget;
			buildConfigurationList = 30B6646F1FCD6E65003C8B55 /* Build configuration list for PBXNativeTarget "SmartLumUITests" */;
			buildPhases = (
				26371A5C223903DCB398BAE3 /* [CP] Check Pods Manifest.lock */,
				30B6645C1FCD6E65003C8B55 /* Sources */,
				30B6645D1FCD6E65003C8B55 /* Frameworks */,
				30B6645E1FCD6E65003C8B55 /* Resources */,
				5D4C7491A467BF91174A1982 /* [CP] Embed Pods Frameworks */,
			);
			buildRules = (
			);
			dependencies = (
				30B664621FCD6E65003C8B55 /* PBXTargetDependency */,
			);
			name = SmartLumUITests;
			productName = nRFBlinkyUITests;
			productReference = 30B664601FCD6E65003C8B55 /* SmartLumUITests.xctest */;
			productType = "com.apple.product-type.bundle.ui-testing";
		};
/* End PBXNativeTarget section */

/* Begin PBXProject section */
		30B664391FCD6E65003C8B55 /* Project object */ = {
			isa = PBXProject;
			attributes = {
				LastSwiftUpdateCheck = 0910;
				LastUpgradeCheck = 1200;
				ORGANIZATIONNAME = SmartLum;
				TargetAttributes = {
					30B664401FCD6E65003C8B55 = {
						CreatedOnToolsVersion = 9.1;
						LastSwiftMigration = 1010;
						ProvisioningStyle = Automatic;
					};
					30B664541FCD6E65003C8B55 = {
						CreatedOnToolsVersion = 9.1;
						LastSwiftMigration = 1010;
						ProvisioningStyle = Automatic;
						TestTargetID = 30B664401FCD6E65003C8B55;
					};
					30B6645F1FCD6E65003C8B55 = {
						CreatedOnToolsVersion = 9.1;
						LastSwiftMigration = 1130;
						ProvisioningStyle = Automatic;
						TestTargetID = 30B664401FCD6E65003C8B55;
					};
				};
			};
			buildConfigurationList = 30B6643C1FCD6E65003C8B55 /* Build configuration list for PBXProject "SmartLum" */;
			compatibilityVersion = "Xcode 9.3";
			developmentRegion = en;
			hasScannedForEncodings = 0;
			knownRegions = (
				en,
				Base,
				ru,
			);
			mainGroup = 30B664381FCD6E65003C8B55;
			productRefGroup = 30B664421FCD6E65003C8B55 /* Products */;
			projectDirPath = "";
			projectRoot = "";
			targets = (
				30B664401FCD6E65003C8B55 /* SmartLum */,
				30B664541FCD6E65003C8B55 /* SmartLumTests */,
				30B6645F1FCD6E65003C8B55 /* SmartLumUITests */,
			);
		};
/* End PBXProject section */

/* Begin PBXResourcesBuildPhase section */
		30B6643F1FCD6E65003C8B55 /* Resources */ = {
			isa = PBXResourcesBuildPhase;
			buildActionMask = 2147483647;
			files = (
				30B6644F1FCD6E65003C8B55 /* LaunchScreen.storyboard in Resources */,
				2C7202CF26A985BC0079BEEA /* ColorTableViewCell.xib in Resources */,
				52A637C0220DDECD00F5308D /* Localizable.strings in Resources */,
				2C72029E269D5D1A0079BEEA /* PickerTableViewCell.xib in Resources */,
				22A46D9625E1418E003F4200 /* FirmwareUpdateViewController.xib in Resources */,
				30B6644C1FCD6E65003C8B55 /* Assets.xcassets in Resources */,
				2264CAB0260CCBEA00CB54B0 /* Pods-SmartLum-acknowledgements.plist in Resources */,
				2C7202A7269EE79C0079BEEA /* StepperTableViewCell.xib in Resources */,
				2C72029A269D5D010079BEEA /* SliderTableViewCell.xib in Resources */,
				2240D20D260CAC520037D304 /* InfoPlist.strings in Resources */,
				2240D22E260CAF490037D304 /* AboutViewController.xib in Resources */,
				30B6644A1FCD6E65003C8B55 /* Main.storyboard in Resources */,
				2C7202C326A702370079BEEA /* SwitchTableViewCell.xib in Resources */,
			);
			runOnlyForDeploymentPostprocessing = 0;
		};
		30B664531FCD6E65003C8B55 /* Resources */ = {
			isa = PBXResourcesBuildPhase;
			buildActionMask = 2147483647;
			files = (
			);
			runOnlyForDeploymentPostprocessing = 0;
		};
		30B6645E1FCD6E65003C8B55 /* Resources */ = {
			isa = PBXResourcesBuildPhase;
			buildActionMask = 2147483647;
			files = (
			);
			runOnlyForDeploymentPostprocessing = 0;
		};
/* End PBXResourcesBuildPhase section */

/* Begin PBXShellScriptBuildPhase section */
		26371A5C223903DCB398BAE3 /* [CP] Check Pods Manifest.lock */ = {
			isa = PBXShellScriptBuildPhase;
			buildActionMask = 2147483647;
			files = (
			);
			inputFileListPaths = (
			);
			inputPaths = (
				"${PODS_PODFILE_DIR_PATH}/Podfile.lock",
				"${PODS_ROOT}/Manifest.lock",
			);
			name = "[CP] Check Pods Manifest.lock";
			outputFileListPaths = (
			);
			outputPaths = (
				"$(DERIVED_FILE_DIR)/Pods-SmartLum-SmartLumUITests-checkManifestLockResult.txt",
			);
			runOnlyForDeploymentPostprocessing = 0;
			shellPath = /bin/sh;
			shellScript = "diff \"${PODS_PODFILE_DIR_PATH}/Podfile.lock\" \"${PODS_ROOT}/Manifest.lock\" > /dev/null\nif [ $? != 0 ] ; then\n    # print error to STDERR\n    echo \"error: The sandbox is not in sync with the Podfile.lock. Run 'pod install' or update your CocoaPods installation.\" >&2\n    exit 1\nfi\n# This output is used by Xcode 'outputs' to avoid re-running this script phase.\necho \"SUCCESS\" > \"${SCRIPT_OUTPUT_FILE_0}\"\n";
			showEnvVarsInLog = 0;
		};
		5D4C7491A467BF91174A1982 /* [CP] Embed Pods Frameworks */ = {
			isa = PBXShellScriptBuildPhase;
			buildActionMask = 2147483647;
			files = (
			);
			inputFileListPaths = (
				"${PODS_ROOT}/Target Support Files/Pods-SmartLum-SmartLumUITests/Pods-SmartLum-SmartLumUITests-frameworks-${CONFIGURATION}-input-files.xcfilelist",
			);
			name = "[CP] Embed Pods Frameworks";
			outputFileListPaths = (
				"${PODS_ROOT}/Target Support Files/Pods-SmartLum-SmartLumUITests/Pods-SmartLum-SmartLumUITests-frameworks-${CONFIGURATION}-output-files.xcfilelist",
			);
			runOnlyForDeploymentPostprocessing = 0;
			shellPath = /bin/sh;
			shellScript = "\"${PODS_ROOT}/Target Support Files/Pods-SmartLum-SmartLumUITests/Pods-SmartLum-SmartLumUITests-frameworks.sh\"\n";
			showEnvVarsInLog = 0;
		};
		AE8B6793BC4895C456345769 /* [CP] Embed Pods Frameworks */ = {
			isa = PBXShellScriptBuildPhase;
			buildActionMask = 2147483647;
			files = (
			);
			inputFileListPaths = (
				"${PODS_ROOT}/Target Support Files/Pods-SmartLum/Pods-SmartLum-frameworks-${CONFIGURATION}-input-files.xcfilelist",
			);
			name = "[CP] Embed Pods Frameworks";
			outputFileListPaths = (
				"${PODS_ROOT}/Target Support Files/Pods-SmartLum/Pods-SmartLum-frameworks-${CONFIGURATION}-output-files.xcfilelist",
			);
			runOnlyForDeploymentPostprocessing = 0;
			shellPath = /bin/sh;
			shellScript = "\"${PODS_ROOT}/Target Support Files/Pods-SmartLum/Pods-SmartLum-frameworks.sh\"\n";
			showEnvVarsInLog = 0;
		};
		E52064F84EFC08D96D2EA0F2 /* [CP] Check Pods Manifest.lock */ = {
			isa = PBXShellScriptBuildPhase;
			buildActionMask = 2147483647;
			files = (
			);
			inputFileListPaths = (
			);
			inputPaths = (
				"${PODS_PODFILE_DIR_PATH}/Podfile.lock",
				"${PODS_ROOT}/Manifest.lock",
			);
			name = "[CP] Check Pods Manifest.lock";
			outputFileListPaths = (
			);
			outputPaths = (
				"$(DERIVED_FILE_DIR)/Pods-SmartLumTests-checkManifestLockResult.txt",
			);
			runOnlyForDeploymentPostprocessing = 0;
			shellPath = /bin/sh;
			shellScript = "diff \"${PODS_PODFILE_DIR_PATH}/Podfile.lock\" \"${PODS_ROOT}/Manifest.lock\" > /dev/null\nif [ $? != 0 ] ; then\n    # print error to STDERR\n    echo \"error: The sandbox is not in sync with the Podfile.lock. Run 'pod install' or update your CocoaPods installation.\" >&2\n    exit 1\nfi\n# This output is used by Xcode 'outputs' to avoid re-running this script phase.\necho \"SUCCESS\" > \"${SCRIPT_OUTPUT_FILE_0}\"\n";
			showEnvVarsInLog = 0;
		};
		F86F6F79CC484B7561C4D96A /* [CP] Check Pods Manifest.lock */ = {
			isa = PBXShellScriptBuildPhase;
			buildActionMask = 2147483647;
			files = (
			);
			inputFileListPaths = (
			);
			inputPaths = (
				"${PODS_PODFILE_DIR_PATH}/Podfile.lock",
				"${PODS_ROOT}/Manifest.lock",
			);
			name = "[CP] Check Pods Manifest.lock";
			outputFileListPaths = (
			);
			outputPaths = (
				"$(DERIVED_FILE_DIR)/Pods-SmartLum-checkManifestLockResult.txt",
			);
			runOnlyForDeploymentPostprocessing = 0;
			shellPath = /bin/sh;
			shellScript = "diff \"${PODS_PODFILE_DIR_PATH}/Podfile.lock\" \"${PODS_ROOT}/Manifest.lock\" > /dev/null\nif [ $? != 0 ] ; then\n    # print error to STDERR\n    echo \"error: The sandbox is not in sync with the Podfile.lock. Run 'pod install' or update your CocoaPods installation.\" >&2\n    exit 1\nfi\n# This output is used by Xcode 'outputs' to avoid re-running this script phase.\necho \"SUCCESS\" > \"${SCRIPT_OUTPUT_FILE_0}\"\n";
			showEnvVarsInLog = 0;
		};
/* End PBXShellScriptBuildPhase section */

/* Begin PBXSourcesBuildPhase section */
		30B6643D1FCD6E65003C8B55 /* Sources */ = {
			isa = PBXSourcesBuildPhase;
			buildActionMask = 2147483647;
			files = (
				2CDE95D3268C71D40025276A /* AnimationPeripheralProtocol.swift in Sources */,
				2C7202C226A702370079BEEA /* SwitchTableViewCell.swift in Sources */,
				2240D233260CAFC50037D304 /* WebURLs.swift in Sources */,
				22A46D9525E1418E003F4200 /* FirmwareUpdateViewController.swift in Sources */,
				2C7202BB26A03CDF0079BEEA /* PeripheralData.swift in Sources */,
				30B664851FCDA0FC003C8B55 /* PeripheralTableViewCell.swift in Sources */,
				30B664831FCDA0EB003C8B55 /* ScannerTableViewController.swift in Sources */,
				22A46DE225E91104003F4200 /* FirmwareDownloader.swift in Sources */,
				22EB5D5425F23E79003FC31D /* TorcherePeripheral.swift in Sources */,
				2C4172322718171F00F43EA2 /* LedPeripheralProtocol.swift in Sources */,
				2C7202A6269EE79C0079BEEA /* StepperTableViewCell.swift in Sources */,
				2C7202CB26A854220079BEEA /* TorchereViewModel.swift in Sources */,
				2CDE95D7268C77D30025276A /* AdvertisedData.swift in Sources */,
				30B664801FCD9638003C8B55 /* RootViewController.swift in Sources */,
				2C7202BF26A040E30079BEEA /* BaseTableViewCell.swift in Sources */,
				2C7202C726A848E20079BEEA /* PeripheralTableViewModel.swift in Sources */,
				2CDE95D1268C71760025276A /* ColorPeripheralProtocol.swift in Sources */,
				2C720284268F1A190079BEEA /* UUIDs.swift in Sources */,
				22EB5D4F25F23012003FC31D /* NetworkPermissionTrigger.swift in Sources */,
				2C720282268F191F0079BEEA /* BasePeripheral.swift in Sources */,
				2C720287268F259A0079BEEA /* GenericRow.swift in Sources */,
				2C72028B269434180079BEEA /* WheelPickerViewController.swift in Sources */,
				22A46DD225E7A931003F4200 /* DFUDocumentPicker.swift in Sources */,
				22A46DD725E7A9EC003F4200 /* QuickError.swift in Sources */,
				2C720299269D5D010079BEEA /* SliderTableViewCell.swift in Sources */,
				2C4172372718274200F43EA2 /* PeripheralProfile.swift in Sources */,
				30B664451FCD6E65003C8B55 /* AppDelegate.swift in Sources */,
				2CDE95CF268C70CE0025276A /* BluetoothEndpoint.swift in Sources */,
				2C72029D269D5D1A0079BEEA /* PickerTableViewCell.swift in Sources */,
				2C7202CE26A985BC0079BEEA /* ColorTableViewCell.swift in Sources */,
				22DCAD4025FF392300BB30D3 /* ColorPickerViewController.swift in Sources */,
				2CD2C7C62719859C00B7E2E0 /* PeripheralViewControllerProtocol.swift in Sources */,
				2C41722E27180AF600F43EA2 /* SlBasePeripheral.swift in Sources */,
				2C720292269440260079BEEA /* PopupPickerViewController.swift in Sources */,
				52A637C5220DE11200F5308D /* String+Localization.swift in Sources */,
				2C7202C926A84D120079BEEA /* PeripheralViewModel.swift in Sources */,
				2240D22D260CAF490037D304 /* AboutViewController.swift in Sources */,
				22EB5D8425FB5077003FC31D /* TablePickerViewController.swift in Sources */,
				2C4172302718100400F43EA2 /* SlBaseViewModel.swift in Sources */,
				52FB0AF022131B7D00B1E575 /* Extensions.swift in Sources */,
				2C7202962695ADA10079BEEA /* TorchereViewController.swift in Sources */,
				2C4172342718218100F43EA2 /* SlBaseViewController.swift in Sources */,
				2C41722C2718081F00F43EA2 /* DistanceSensorPeripheralProtocol.swift in Sources */,
			);
			runOnlyForDeploymentPostprocessing = 0;
		};
		30B664511FCD6E65003C8B55 /* Sources */ = {
			isa = PBXSourcesBuildPhase;
			buildActionMask = 2147483647;
			files = (
				30B6645A1FCD6E65003C8B55 /* SmartLumTests.swift in Sources */,
			);
			runOnlyForDeploymentPostprocessing = 0;
		};
		30B6645C1FCD6E65003C8B55 /* Sources */ = {
			isa = PBXSourcesBuildPhase;
			buildActionMask = 2147483647;
			files = (
				30B664651FCD6E65003C8B55 /* SmartLumUITests.swift in Sources */,
			);
			runOnlyForDeploymentPostprocessing = 0;
		};
/* End PBXSourcesBuildPhase section */

/* Begin PBXTargetDependency section */
		30B664571FCD6E65003C8B55 /* PBXTargetDependency */ = {
			isa = PBXTargetDependency;
			target = 30B664401FCD6E65003C8B55 /* SmartLum */;
			targetProxy = 30B664561FCD6E65003C8B55 /* PBXContainerItemProxy */;
		};
		30B664621FCD6E65003C8B55 /* PBXTargetDependency */ = {
			isa = PBXTargetDependency;
			target = 30B664401FCD6E65003C8B55 /* SmartLum */;
			targetProxy = 30B664611FCD6E65003C8B55 /* PBXContainerItemProxy */;
		};
/* End PBXTargetDependency section */

/* Begin PBXVariantGroup section */
		2240D20F260CAC520037D304 /* InfoPlist.strings */ = {
			isa = PBXVariantGroup;
			children = (
				2240D20E260CAC520037D304 /* en */,
				2240D213260CAC580037D304 /* ru */,
			);
			name = InfoPlist.strings;
			sourceTree = "<group>";
		};
		30B664481FCD6E65003C8B55 /* Main.storyboard */ = {
			isa = PBXVariantGroup;
			children = (
				30B664491FCD6E65003C8B55 /* Base */,
				52A637BD220DDD2600F5308D /* en */,
				22DCAE40260A12A400BB30D3 /* ru */,
			);
			name = Main.storyboard;
			sourceTree = "<group>";
		};
		30B6644D1FCD6E65003C8B55 /* LaunchScreen.storyboard */ = {
			isa = PBXVariantGroup;
			children = (
				30B6644E1FCD6E65003C8B55 /* Base */,
			);
			name = LaunchScreen.storyboard;
			sourceTree = "<group>";
		};
		52A637C2220DDECD00F5308D /* Localizable.strings */ = {
			isa = PBXVariantGroup;
			children = (
				52A637C3220DDEDF00F5308D /* en */,
				52FB0AEA2212D67100B1E575 /* ru */,
			);
			name = Localizable.strings;
			sourceTree = "<group>";
		};
/* End PBXVariantGroup section */

/* Begin XCBuildConfiguration section */
		30B664671FCD6E65003C8B55 /* Debug */ = {
			isa = XCBuildConfiguration;
			buildSettings = {
				ALWAYS_EMBED_SWIFT_STANDARD_LIBRARIES = NO;
				ALWAYS_SEARCH_USER_PATHS = NO;
				CLANG_ANALYZER_LOCALIZABILITY_NONLOCALIZED = YES;
				CLANG_ANALYZER_NONNULL = YES;
				CLANG_ANALYZER_NUMBER_OBJECT_CONVERSION = YES_AGGRESSIVE;
				CLANG_CXX_LANGUAGE_STANDARD = "gnu++14";
				CLANG_CXX_LIBRARY = "libc++";
				CLANG_ENABLE_MODULES = YES;
				CLANG_ENABLE_OBJC_ARC = YES;
				CLANG_WARN_BLOCK_CAPTURE_AUTORELEASING = YES;
				CLANG_WARN_BOOL_CONVERSION = YES;
				CLANG_WARN_COMMA = YES;
				CLANG_WARN_CONSTANT_CONVERSION = YES;
				CLANG_WARN_DEPRECATED_OBJC_IMPLEMENTATIONS = YES;
				CLANG_WARN_DIRECT_OBJC_ISA_USAGE = YES_ERROR;
				CLANG_WARN_DOCUMENTATION_COMMENTS = YES;
				CLANG_WARN_EMPTY_BODY = YES;
				CLANG_WARN_ENUM_CONVERSION = YES;
				CLANG_WARN_INFINITE_RECURSION = YES;
				CLANG_WARN_INT_CONVERSION = YES;
				CLANG_WARN_NON_LITERAL_NULL_CONVERSION = YES;
				CLANG_WARN_OBJC_IMPLICIT_RETAIN_SELF = YES;
				CLANG_WARN_OBJC_LITERAL_CONVERSION = YES;
				CLANG_WARN_OBJC_ROOT_CLASS = YES_ERROR;
				CLANG_WARN_QUOTED_INCLUDE_IN_FRAMEWORK_HEADER = YES;
				CLANG_WARN_RANGE_LOOP_ANALYSIS = YES;
				CLANG_WARN_STRICT_PROTOTYPES = YES;
				CLANG_WARN_SUSPICIOUS_MOVE = YES;
				CLANG_WARN_UNGUARDED_AVAILABILITY = YES_AGGRESSIVE;
				CLANG_WARN_UNREACHABLE_CODE = YES;
				CLANG_WARN__DUPLICATE_METHOD_MATCH = YES;
				CODE_SIGN_IDENTITY = "iPhone Developer";
				COPY_PHASE_STRIP = NO;
				DEBUG_INFORMATION_FORMAT = dwarf;
				ENABLE_STRICT_OBJC_MSGSEND = YES;
				ENABLE_TESTABILITY = YES;
				GCC_C_LANGUAGE_STANDARD = gnu11;
				GCC_DYNAMIC_NO_PIC = NO;
				GCC_NO_COMMON_BLOCKS = YES;
				GCC_OPTIMIZATION_LEVEL = 0;
				GCC_PREPROCESSOR_DEFINITIONS = (
					"DEBUG=1",
					"$(inherited)",
				);
				GCC_WARN_64_TO_32_BIT_CONVERSION = YES;
				GCC_WARN_ABOUT_RETURN_TYPE = YES_ERROR;
				GCC_WARN_UNDECLARED_SELECTOR = YES;
				GCC_WARN_UNINITIALIZED_AUTOS = YES_AGGRESSIVE;
				GCC_WARN_UNUSED_FUNCTION = YES;
				GCC_WARN_UNUSED_VARIABLE = YES;
				IPHONEOS_DEPLOYMENT_TARGET = 13.0;
				MTL_ENABLE_DEBUG_INFO = YES;
				ONLY_ACTIVE_ARCH = YES;
				SDKROOT = iphoneos;
				SWIFT_ACTIVE_COMPILATION_CONDITIONS = DEBUG;
				SWIFT_OPTIMIZATION_LEVEL = "-Onone";
			};
			name = Debug;
		};
		30B664681FCD6E65003C8B55 /* Release */ = {
			isa = XCBuildConfiguration;
			buildSettings = {
				ALWAYS_EMBED_SWIFT_STANDARD_LIBRARIES = NO;
				ALWAYS_SEARCH_USER_PATHS = NO;
				CLANG_ANALYZER_LOCALIZABILITY_NONLOCALIZED = YES;
				CLANG_ANALYZER_NONNULL = YES;
				CLANG_ANALYZER_NUMBER_OBJECT_CONVERSION = YES_AGGRESSIVE;
				CLANG_CXX_LANGUAGE_STANDARD = "gnu++14";
				CLANG_CXX_LIBRARY = "libc++";
				CLANG_ENABLE_MODULES = YES;
				CLANG_ENABLE_OBJC_ARC = YES;
				CLANG_WARN_BLOCK_CAPTURE_AUTORELEASING = YES;
				CLANG_WARN_BOOL_CONVERSION = YES;
				CLANG_WARN_COMMA = YES;
				CLANG_WARN_CONSTANT_CONVERSION = YES;
				CLANG_WARN_DEPRECATED_OBJC_IMPLEMENTATIONS = YES;
				CLANG_WARN_DIRECT_OBJC_ISA_USAGE = YES_ERROR;
				CLANG_WARN_DOCUMENTATION_COMMENTS = YES;
				CLANG_WARN_EMPTY_BODY = YES;
				CLANG_WARN_ENUM_CONVERSION = YES;
				CLANG_WARN_INFINITE_RECURSION = YES;
				CLANG_WARN_INT_CONVERSION = YES;
				CLANG_WARN_NON_LITERAL_NULL_CONVERSION = YES;
				CLANG_WARN_OBJC_IMPLICIT_RETAIN_SELF = YES;
				CLANG_WARN_OBJC_LITERAL_CONVERSION = YES;
				CLANG_WARN_OBJC_ROOT_CLASS = YES_ERROR;
				CLANG_WARN_QUOTED_INCLUDE_IN_FRAMEWORK_HEADER = YES;
				CLANG_WARN_RANGE_LOOP_ANALYSIS = YES;
				CLANG_WARN_STRICT_PROTOTYPES = YES;
				CLANG_WARN_SUSPICIOUS_MOVE = YES;
				CLANG_WARN_UNGUARDED_AVAILABILITY = YES_AGGRESSIVE;
				CLANG_WARN_UNREACHABLE_CODE = YES;
				CLANG_WARN__DUPLICATE_METHOD_MATCH = YES;
				CODE_SIGN_IDENTITY = "iPhone Developer";
				COPY_PHASE_STRIP = NO;
				DEBUG_INFORMATION_FORMAT = "dwarf-with-dsym";
				ENABLE_NS_ASSERTIONS = NO;
				ENABLE_STRICT_OBJC_MSGSEND = YES;
				GCC_C_LANGUAGE_STANDARD = gnu11;
				GCC_NO_COMMON_BLOCKS = YES;
				GCC_WARN_64_TO_32_BIT_CONVERSION = YES;
				GCC_WARN_ABOUT_RETURN_TYPE = YES_ERROR;
				GCC_WARN_UNDECLARED_SELECTOR = YES;
				GCC_WARN_UNINITIALIZED_AUTOS = YES_AGGRESSIVE;
				GCC_WARN_UNUSED_FUNCTION = YES;
				GCC_WARN_UNUSED_VARIABLE = YES;
				IPHONEOS_DEPLOYMENT_TARGET = 13.0;
				MTL_ENABLE_DEBUG_INFO = NO;
				SDKROOT = iphoneos;
				SWIFT_COMPILATION_MODE = wholemodule;
				SWIFT_OPTIMIZATION_LEVEL = "-O";
				VALIDATE_PRODUCT = YES;
			};
			name = Release;
		};
		30B6646A1FCD6E65003C8B55 /* Debug */ = {
			isa = XCBuildConfiguration;
			baseConfigurationReference = DF8D5169CE521BF5C3510E8A /* Pods-SmartLum.debug.xcconfig */;
			buildSettings = {
				ASSETCATALOG_COMPILER_APPICON_NAME = AppIcon;
				CODE_SIGN_STYLE = Automatic;
				CURRENT_PROJECT_VERSION = 3;
				DEVELOPMENT_TEAM = PN3Q92V74Z;
				INFOPLIST_FILE = SmartLum/Info.plist;
				IPHONEOS_DEPLOYMENT_TARGET = 13.0;
				LD_RUNPATH_SEARCH_PATHS = (
					"$(inherited)",
					"@executable_path/Frameworks",
				);
				MARKETING_VERSION = 1.0.0;
				PRODUCT_BUNDLE_IDENTIFIER = com.smartlum.smartlum;
				PRODUCT_NAME = "$(TARGET_NAME)";
				SWIFT_VERSION = 5.0;
				TARGETED_DEVICE_FAMILY = 1;
			};
			name = Debug;
		};
		30B6646B1FCD6E65003C8B55 /* Release */ = {
			isa = XCBuildConfiguration;
			baseConfigurationReference = 502F8065F13CED8A6A9CE27D /* Pods-SmartLum.release.xcconfig */;
			buildSettings = {
				ASSETCATALOG_COMPILER_APPICON_NAME = AppIcon;
				CODE_SIGN_STYLE = Automatic;
				CURRENT_PROJECT_VERSION = 3;
				DEVELOPMENT_TEAM = PN3Q92V74Z;
				INFOPLIST_FILE = SmartLum/Info.plist;
				IPHONEOS_DEPLOYMENT_TARGET = 13.0;
				LD_RUNPATH_SEARCH_PATHS = (
					"$(inherited)",
					"@executable_path/Frameworks",
				);
				MARKETING_VERSION = 1.0.0;
				PRODUCT_BUNDLE_IDENTIFIER = com.smartlum.smartlum;
				PRODUCT_NAME = "$(TARGET_NAME)";
				SWIFT_VERSION = 5.0;
				TARGETED_DEVICE_FAMILY = 1;
			};
			name = Release;
		};
		30B6646D1FCD6E65003C8B55 /* Debug */ = {
			isa = XCBuildConfiguration;
			baseConfigurationReference = 9EB2910E6F0D4EE26C06DD48 /* Pods-SmartLumTests.debug.xcconfig */;
			buildSettings = {
				ALWAYS_EMBED_SWIFT_STANDARD_LIBRARIES = YES;
				BUNDLE_LOADER = "$(TEST_HOST)";
				CODE_SIGN_STYLE = Automatic;
				DEVELOPMENT_TEAM = PN3Q92V74Z;
				LD_RUNPATH_SEARCH_PATHS = (
					"$(inherited)",
					"@executable_path/Frameworks",
					"@loader_path/Frameworks",
				);
				PRODUCT_NAME = "$(TARGET_NAME)";
				SWIFT_VERSION = 5.0;
				TARGETED_DEVICE_FAMILY = "1,2";
			};
			name = Debug;
		};
		30B6646E1FCD6E65003C8B55 /* Release */ = {
			isa = XCBuildConfiguration;
			baseConfigurationReference = 1F496839E3FC64DE9062887A /* Pods-SmartLumTests.release.xcconfig */;
			buildSettings = {
				ALWAYS_EMBED_SWIFT_STANDARD_LIBRARIES = YES;
				BUNDLE_LOADER = "$(TEST_HOST)";
				CODE_SIGN_STYLE = Automatic;
				DEVELOPMENT_TEAM = PN3Q92V74Z;
				LD_RUNPATH_SEARCH_PATHS = (
					"$(inherited)",
					"@executable_path/Frameworks",
					"@loader_path/Frameworks",
				);
				PRODUCT_NAME = "$(TARGET_NAME)";
				SWIFT_VERSION = 5.0;
				TARGETED_DEVICE_FAMILY = "1,2";
			};
			name = Release;
		};
		30B664701FCD6E65003C8B55 /* Debug */ = {
			isa = XCBuildConfiguration;
			baseConfigurationReference = 4ECD7F437B0FE3E34C0C5BE1 /* Pods-SmartLum-SmartLumUITests.debug.xcconfig */;
			buildSettings = {
				ALWAYS_EMBED_SWIFT_STANDARD_LIBRARIES = YES;
				"CODE_SIGN_IDENTITY[sdk=macosx*]" = "Apple Development";
				CODE_SIGN_STYLE = Automatic;
				DEVELOPMENT_TEAM = PN3Q92V74Z;
				LD_RUNPATH_SEARCH_PATHS = (
					"$(inherited)",
					"@executable_path/Frameworks",
					"@loader_path/Frameworks",
				);
				"PRODUCT_BUNDLE_IDENTIFIER[sdk=macosx*]" = "";
				PRODUCT_NAME = "$(TARGET_NAME)";
				SWIFT_VERSION = 5.0;
				TARGETED_DEVICE_FAMILY = "1,2";
			};
			name = Debug;
		};
		30B664711FCD6E65003C8B55 /* Release */ = {
			isa = XCBuildConfiguration;
			baseConfigurationReference = 3CAE88F9324080774EBCCC02 /* Pods-SmartLum-SmartLumUITests.release.xcconfig */;
			buildSettings = {
				ALWAYS_EMBED_SWIFT_STANDARD_LIBRARIES = YES;
				"CODE_SIGN_IDENTITY[sdk=macosx*]" = "Apple Development";
				CODE_SIGN_STYLE = Automatic;
				DEVELOPMENT_TEAM = PN3Q92V74Z;
				LD_RUNPATH_SEARCH_PATHS = (
					"$(inherited)",
					"@executable_path/Frameworks",
					"@loader_path/Frameworks",
				);
				"PRODUCT_BUNDLE_IDENTIFIER[sdk=macosx*]" = "";
				PRODUCT_NAME = "$(TARGET_NAME)";
				SWIFT_VERSION = 5.0;
				TARGETED_DEVICE_FAMILY = "1,2";
			};
			name = Release;
		};
/* End XCBuildConfiguration section */

/* Begin XCConfigurationList section */
		30B6643C1FCD6E65003C8B55 /* Build configuration list for PBXProject "SmartLum" */ = {
			isa = XCConfigurationList;
			buildConfigurations = (
				30B664671FCD6E65003C8B55 /* Debug */,
				30B664681FCD6E65003C8B55 /* Release */,
			);
			defaultConfigurationIsVisible = 0;
			defaultConfigurationName = Release;
		};
		30B664691FCD6E65003C8B55 /* Build configuration list for PBXNativeTarget "SmartLum" */ = {
			isa = XCConfigurationList;
			buildConfigurations = (
				30B6646A1FCD6E65003C8B55 /* Debug */,
				30B6646B1FCD6E65003C8B55 /* Release */,
			);
			defaultConfigurationIsVisible = 0;
			defaultConfigurationName = Release;
		};
		30B6646C1FCD6E65003C8B55 /* Build configuration list for PBXNativeTarget "SmartLumTests" */ = {
			isa = XCConfigurationList;
			buildConfigurations = (
				30B6646D1FCD6E65003C8B55 /* Debug */,
				30B6646E1FCD6E65003C8B55 /* Release */,
			);
			defaultConfigurationIsVisible = 0;
			defaultConfigurationName = Release;
		};
		30B6646F1FCD6E65003C8B55 /* Build configuration list for PBXNativeTarget "SmartLumUITests" */ = {
			isa = XCConfigurationList;
			buildConfigurations = (
				30B664701FCD6E65003C8B55 /* Debug */,
				30B664711FCD6E65003C8B55 /* Release */,
			);
			defaultConfigurationIsVisible = 0;
			defaultConfigurationName = Release;
		};
/* End XCConfigurationList section */
	};
	rootObject = 30B664391FCD6E65003C8B55 /* Project object */;
}
